
Microsoft Visual Studio Solution File, Format Version 12.00
# Visual Studio Version 17
VisualStudioVersion = 17.10.35013.160
MinimumVisualStudioVersion = 10.0.40219.1
Project("{FAE04EC0-301F-11D3-BF4B-00C04F79EFBC}") = "attackServer", "attackServer.csproj", "{188DFB48-3745-4506-90C9-053BDA9445BF}"
EndProject
Project("{FAE04EC0-301F-11D3-BF4B-00C04F79EFBC}") = "WorkSpace", "..\WorkSpace\WorkSpace.csproj", "{B456C32A-F033-45B6-900C-8FAD6382D065}"
EndProject
Project("{FAE04EC0-301F-11D3-BF4B-00C04F79EFBC}") = "attackServerBack", "..\attackServerBack\attackServerBack.csproj", "{A036DD14-DBA2-4233-B9E8-993466B334D5}"
EndProject
Global
	GlobalSection(SolutionConfigurationPlatforms) = preSolution
		Debug|Any CPU = Debug|Any CPU
		Release|Any CPU = Release|Any CPU
	EndGlobalSection
	GlobalSection(ProjectConfigurationPlatforms) = postSolution
		{188DFB48-3745-4506-90C9-053BDA9445BF}.Debug|Any CPU.ActiveCfg = Debug|Any CPU
		{188DFB48-3745-4506-90C9-053BDA9445BF}.Debug|Any CPU.Build.0 = Debug|Any CPU
		{188DFB48-3745-4506-90C9-053BDA9445BF}.Release|Any CPU.ActiveCfg = Release|Any CPU
		{188DFB48-3745-4506-90C9-053BDA9445BF}.Release|Any CPU.Build.0 = Release|Any CPU
		{B456C32A-F033-45B6-900C-8FAD6382D065}.Debug|Any CPU.ActiveCfg = Debug|Any CPU
		{B456C32A-F033-45B6-900C-8FAD6382D065}.Debug|Any CPU.Build.0 = Debug|Any CPU
		{B456C32A-F033-45B6-900C-8FAD6382D065}.Release|Any CPU.ActiveCfg = Release|Any CPU
		{B456C32A-F033-45B6-900C-8FAD6382D065}.Release|Any CPU.Build.0 = Release|Any CPU
		{A036DD14-DBA2-4233-B9E8-993466B334D5}.Debug|Any CPU.ActiveCfg = Debug|Any CPU
		{A036DD14-DBA2-4233-B9E8-993466B334D5}.Debug|Any CPU.Build.0 = Debug|Any CPU
		{A036DD14-DBA2-4233-B9E8-993466B334D5}.Release|Any CPU.ActiveCfg = Release|Any CPU
		{A036DD14-DBA2-4233-B9E8-993466B334D5}.Release|Any CPU.Build.0 = Release|Any CPU
	EndGlobalSection
	GlobalSection(SolutionProperties) = preSolution
		HideSolutionNode = FALSE
	EndGlobalSection
	GlobalSection(ExtensibilityGlobals) = postSolution
		SolutionGuid = {A4E08391-1794-491E-9D01-8631D761D3F7}
	EndGlobalSection
EndGlobal
